
Microsoft Visual Studio Solution File, Format Version 12.00
# Visual Studio Version 17
VisualStudioVersion = 17.10.35122.118
MinimumVisualStudioVersion = 10.0.40219.1
Project("{2150E333-8FDC-42A3-9474-1A3956D46DE8}") = "Microservices", "Microservices", "{1A50B066-C007-4214-A4D1-19EEFC2D933B}"
EndProject
Project("{2150E333-8FDC-42A3-9474-1A3956D46DE8}") = "Domain", "Domain", "{12F59E75-0D30-4A5A-B835-66CB998AB312}"
EndProject
Project("{2150E333-8FDC-42A3-9474-1A3956D46DE8}") = "Infra.Bus", "Infra.Bus", "{10605745-AC50-4CDE-A043-FE9C72B23FDD}"
EndProject
Project("{2150E333-8FDC-42A3-9474-1A3956D46DE8}") = "Infra.IoC", "Infra.IoC", "{E97AFE3A-F17D-4B8C-BCDB-FC9A4A482C86}"
EndProject
Project("{2150E333-8FDC-42A3-9474-1A3956D46DE8}") = "Presentation", "Presentation", "{F2EB2CFF-374E-48F2-90A7-F51CA4265EF3}"
EndProject
Project("{FAE04EC0-301F-11D3-BF4B-00C04F79EFBC}") = "MicroRabbit.Domain.Core", "MicroRabbit.Domain.Core\MicroRabbit.Domain.Core.csproj", "{A64EF929-E007-43A8-A941-78D6B5CF9252}"
EndProject
Global
	GlobalSection(SolutionConfigurationPlatforms) = preSolution
		Debug|Any CPU = Debug|Any CPU
		Release|Any CPU = Release|Any CPU
	EndGlobalSection
	GlobalSection(ProjectConfigurationPlatforms) = postSolution
		{A64EF929-E007-43A8-A941-78D6B5CF9252}.Debug|Any CPU.ActiveCfg = Debug|Any CPU
		{A64EF929-E007-43A8-A941-78D6B5CF9252}.Debug|Any CPU.Build.0 = Debug|Any CPU
		{A64EF929-E007-43A8-A941-78D6B5CF9252}.Release|Any CPU.ActiveCfg = Release|Any CPU
		{A64EF929-E007-43A8-A941-78D6B5CF9252}.Release|Any CPU.Build.0 = Release|Any CPU
	EndGlobalSection
	GlobalSection(SolutionProperties) = preSolution
		HideSolutionNode = FALSE
	EndGlobalSection
	GlobalSection(NestedProjects) = preSolution
		{A64EF929-E007-43A8-A941-78D6B5CF9252} = {12F59E75-0D30-4A5A-B835-66CB998AB312}
	EndGlobalSection
	GlobalSection(ExtensibilityGlobals) = postSolution
		SolutionGuid = {F0B2B63E-AADF-4E37-8702-5E32C246229B}
	EndGlobalSection
EndGlobal
